// !$*UTF8*$!
{
	archiveVersion = 1;
	classes = {
	};
	objectVersion = 55;
	objects = {

/* Begin PBXFileReference section */
		F033AB9229AB1DE4004271F5 /* progress_hud.py */ = {isa = PBXFileReference; lastKnownFileType = text.script.python; name = progress_hud.py; path = ../src/pomodouroboros/macos/progress_hud.py; sourceTree = "<group>"; };
		F033AB9329AB1DE4004271F5 /* __init__.py */ = {isa = PBXFileReference; lastKnownFileType = text.script.python; name = __init__.py; path = ../src/pomodouroboros/macos/__init__.py; sourceTree = "<group>"; };
		F033AB9429AB1DE4004271F5 /* mac_gui.py */ = {isa = PBXFileReference; lastKnownFileType = text.script.python; name = mac_gui.py; path = ../src/pomodouroboros/macos/mac_gui.py; sourceTree = "<group>"; };
		F033AB9529AB1DE4004271F5 /* notifs.py */ = {isa = PBXFileReference; lastKnownFileType = text.script.python; name = notifs.py; path = ../src/pomodouroboros/macos/notifs.py; sourceTree = "<group>"; };
		F033AB9629AB1DE4004271F5 /* mac_utils.py */ = {isa = PBXFileReference; lastKnownFileType = text.script.python; name = mac_utils.py; path = ../src/pomodouroboros/macos/mac_utils.py; sourceTree = "<group>"; };
		F033AB9729AB1DE4004271F5 /* old_mac_gui.py */ = {isa = PBXFileReference; lastKnownFileType = text.script.python; name = old_mac_gui.py; path = ../src/pomodouroboros/macos/old_mac_gui.py; sourceTree = "<group>"; };
		F08257CF2825F2C80007B95F /* GoalListWindow.xib */ = {isa = PBXFileReference; lastKnownFileType = file.xib; path = GoalListWindow.xib; sourceTree = "<group>"; };
		F08257D0282620790007B95F /* python_classes.swift */ = {isa = PBXFileReference; lastKnownFileType = sourcecode.swift; path = python_classes.swift; sourceTree = "<group>"; };
		F0A554F4298499190086B05F /* IntentionEditor.xib */ = {isa = PBXFileReference; lastKnownFileType = file.xib; path = IntentionEditor.xib; sourceTree = "<group>"; };
		F0A554F52984A5580086B05F /* MainMenu.xib */ = {isa = PBXFileReference; lastKnownFileType = file.xib; path = MainMenu.xib; sourceTree = "<group>"; };
		F0EA07AC282E112D00E38FDF /* StandardMenus.xib */ = {isa = PBXFileReference; lastKnownFileType = file.xib; path = StandardMenus.xib; sourceTree = "<group>"; };
/* End PBXFileReference section */

/* Begin PBXGroup section */
		F033AB9029AB1DA4004271F5 /* Python */ = {
			isa = PBXGroup;
			children = (
				F033AB9329AB1DE4004271F5 /* __init__.py */,
				F033AB9429AB1DE4004271F5 /* mac_gui.py */,
				F033AB9629AB1DE4004271F5 /* mac_utils.py */,
				F033AB9529AB1DE4004271F5 /* notifs.py */,
				F033AB9729AB1DE4004271F5 /* old_mac_gui.py */,
				F033AB9229AB1DE4004271F5 /* progress_hud.py */,
			);
			name = Python;
			sourceTree = "<group>";
		};
		F08257C82825F2960007B95F = {
			isa = PBXGroup;
			children = (
				F08257CF2825F2C80007B95F /* GoalListWindow.xib */,
				F0EA07AC282E112D00E38FDF /* StandardMenus.xib */,
				F0A554F52984A5580086B05F /* MainMenu.xib */,
				F0A554F4298499190086B05F /* IntentionEditor.xib */,
				F033AB9029AB1DA4004271F5 /* Python */,
				F08257D0282620790007B95F /* python_classes.swift */,
			);
			sourceTree = "<group>";
		};
/* End PBXGroup section */

/* Begin PBXProject section */
		F08257C92825F2960007B95F /* Project object */ = {
			isa = PBXProject;
			attributes = {
				BuildIndependentTargetsInParallel = 1;
				LastUpgradeCheck = 1330;
			};
			buildConfigurationList = F08257CC2825F2960007B95F /* Build configuration list for PBXProject "IBFiles" */;
			compatibilityVersion = "Xcode 13.0";
			developmentRegion = en;
			hasScannedForEncodings = 0;
			knownRegions = (
				en,
				Base,
			);
			mainGroup = F08257C82825F2960007B95F;
			projectDirPath = "";
			projectRoot = "";
			targets = (
			);
		};
/* End PBXProject section */

/* Begin XCBuildConfiguration section */
		F08257CD2825F2960007B95F /* Debug */ = {
			isa = XCBuildConfiguration;
			buildSettings = {
			};
			name = Debug;
		};
		F08257CE2825F2960007B95F /* Release */ = {
			isa = XCBuildConfiguration;
			buildSettings = {
			};
			name = Release;
		};
/* End XCBuildConfiguration section */

/* Begin XCConfigurationList section */
		F08257CC2825F2960007B95F /* Build configuration list for PBXProject "IBFiles" */ = {
			isa = XCConfigurationList;
			buildConfigurations = (
				F08257CD2825F2960007B95F /* Debug */,
				F08257CE2825F2960007B95F /* Release */,
			);
			defaultConfigurationIsVisible = 0;
			defaultConfigurationName = Release;
		};
/* End XCConfigurationList section */
	};
	rootObject = F08257C92825F2960007B95F /* Project object */;
}
